
Microsoft Visual Studio Solution File, Format Version 12.00
# Visual Studio Version 17
VisualStudioVersion = 17.14.36414.22 d17.14
MinimumVisualStudioVersion = 10.0.40219.1
Project("{FAE04EC0-301F-11D3-BF4B-00C04F79EFBC}") = "OlimpoBackend", "OlimpoBackend\OlimpoBackend.csproj", "{DAD5CB04-519A-48FA-BC37-1AE78219E27B}"
EndProject
Global
	GlobalSection(SolutionConfigurationPlatforms) = preSolution
		Debug|Any CPU = Debug|Any CPU
		Release|Any CPU = Release|Any CPU
	EndGlobalSection
	GlobalSection(ProjectConfigurationPlatforms) = postSolution
		{DAD5CB04-519A-48FA-BC37-1AE78219E27B}.Debug|Any CPU.ActiveCfg = Debug|Any CPU
		{DAD5CB04-519A-48FA-BC37-1AE78219E27B}.Debug|Any CPU.Build.0 = Debug|Any CPU
		{DAD5CB04-519A-48FA-BC37-1AE78219E27B}.Release|Any CPU.ActiveCfg = Release|Any CPU
		{DAD5CB04-519A-48FA-BC37-1AE78219E27B}.Release|Any CPU.Build.0 = Release|Any CPU
	EndGlobalSection
	GlobalSection(SolutionProperties) = preSolution
		HideSolutionNode = FALSE
	EndGlobalSection
	GlobalSection(ExtensibilityGlobals) = postSolution
		SolutionGuid = {A3B4890C-A2F5-4F58-9181-36AA8EFE728C}
	EndGlobalSection
EndGlobal
